// !$*UTF8*$!
{
	archiveVersion = 1;
	classes = {
	};
	objectVersion = 77;
	objects = {

/* Begin PBXBuildFile section */
		278CBE142FE778660035AA84 /* WidgetKit.framework in Frameworks */ = {isa = PBXBuildFile; fileRef = 278CBE132FE778660035AA84 /* WidgetKit.framework */; };
		278CBE162FE778660035AA84 /* SwiftUI.framework in Frameworks */ = {isa = PBXBuildFile; fileRef = 278CBE152FE778660035AA84 /* SwiftUI.framework */; };
		278CBE232FE778660035AA84 /* StudyPulseWidgetExtension.appex in Embed Foundation Extensions */ = {isa = PBXBuildFile; fileRef = 278CBE112FE778660035AA84 /* StudyPulseWidgetExtension.appex */; settings = {ATTRIBUTES = (RemoveHeadersOnCopy, ); }; };
		278D45F22FE7BA3E0073EB87 /* AGENTS.md in Resources */ = {isa = PBXBuildFile; fileRef = 278D45F12FE7BA3E0073EB87 /* AGENTS.md */; };
		27AB0003FE0000000000A003 /* SwiftStreamingMarkdown in Frameworks */ = {isa = PBXBuildFile; productRef = 27AB0002FE0000000000A002 /* SwiftStreamingMarkdown */; };
		27B7B1CC3028A15400F02422 /* FAQ.json in Resources */ = {isa = PBXBuildFile; fileRef = 27B7B1CB3028A15400F02422 /* FAQ.json */; };
		27B7B1CE3028A18E00F02422 /* CONTRIBUTING.json in Resources */ = {isa = PBXBuildFile; fileRef = 27B7B1CD3028A18E00F02422 /* CONTRIBUTING.json */; };
		27B7B1D03028A22D00F02422 /* CODE_WIKI.md in Resources */ = {isa = PBXBuildFile; fileRef = 27B7B1CF3028A22D00F02422 /* CODE_WIKI.md */; };
		27B7B1D33028A23E00F02422 /* CODE_WIKI_CN.md in Resources */ = {isa = PBXBuildFile; fileRef = 27B7B1D23028A23E00F02422 /* CODE_WIKI_CN.md */; };
		27B7B1D93028A29E00F02422 /* AlgorithmIntroduction.md in Resources */ = {isa = PBXBuildFile; fileRef = 27B7B1D83028A29E00F02422 /* AlgorithmIntroduction.md */; };
		27B7B1DC3028A2ED00F02422 /* SPEC.md in Resources */ = {isa = PBXBuildFile; fileRef = 27B7B1DB3028A2ED00F02422 /* SPEC.md */; };
		27B7B1E13028A39A00F02422 /* DESIGN.md in Resources */ = {isa = PBXBuildFile; fileRef = 27B7B1DF3028A39A00F02422 /* DESIGN.md */; };
		27BACC03FE0000000000B003 /* ZIPFoundation in Frameworks */ = {isa = PBXBuildFile; productRef = 27BACC02FE0000000000B002 /* ZIPFoundation */; };
		27BF505D2FE6D1F10038966E /* AGENTS.md in Resources */ = {isa = PBXBuildFile; fileRef = 27BF505C2FE6D1F10038966E /* AGENTS.md */; };
		27BF50652FE6D2200038966E /* README.md in Resources */ = {isa = PBXBuildFile; fileRef = 27BF50642FE6D2200038966E /* README.md */; };
/* End PBXBuildFile section */

/* Begin PBXContainerItemProxy section */
		278CBE212FE778660035AA84 /* PBXContainerItemProxy */ = {
			isa = PBXContainerItemProxy;
			containerPortal = 2743C8362F6EAEA000CC1EED /* Project object */;
			proxyType = 1;
			remoteGlobalIDString = 278CBE102FE778660035AA84;
			remoteInfo = StudyPulseWidgetExtension;
		};
		C0FFEE000000000000000007 /* PBXContainerItemProxy */ = {
			isa = PBXContainerItemProxy;
			containerPortal = 2743C8362F6EAEA000CC1EED /* Project object */;
			proxyType = 1;
			remoteGlobalIDString = 2743C83D2F6EAEA000CC1EED;
			remoteInfo = StudyPulse;
		};
/* End PBXContainerItemProxy section */

/* Begin PBXCopyFilesBuildPhase section */
		278CBE242FE778660035AA84 /* Embed Foundation Extensions */ = {
			isa = PBXCopyFilesBuildPhase;
			buildActionMask = 2147483647;
			dstPath = "";
			dstSubfolderSpec = 13;
			files = (
				278CBE232FE778660035AA84 /* StudyPulseWidgetExtension.appex in Embed Foundation Extensions */,
			);
			name = "Embed Foundation Extensions";
			runOnlyForDeploymentPostprocessing = 0;
		};
/* End PBXCopyFilesBuildPhase section */

/* Begin PBXFileReference section */
		2743C83E2F6EAEA000CC1EED /* StudyPulse.app */ = {isa = PBXFileReference; explicitFileType = wrapper.application; includeInIndex = 0; path = StudyPulse.app; sourceTree = BUILT_PRODUCTS_DIR; };
		276CC94F2FE6CEE7009F126C /* README.md */ = {isa = PBXFileReference; lastKnownFileType = net.daringfireball.markdown; path = README.md; sourceTree = "<group>"; };
		278CBE112FE778660035AA84 /* StudyPulseWidgetExtension.appex */ = {isa = PBXFileReference; explicitFileType = "wrapper.app-extension"; includeInIndex = 0; path = StudyPulseWidgetExtension.appex; sourceTree = BUILT_PRODUCTS_DIR; };
		278CBE132FE778660035AA84 /* WidgetKit.framework */ = {isa = PBXFileReference; lastKnownFileType = wrapper.framework; name = WidgetKit.framework; path = System/Library/Frameworks/WidgetKit.framework; sourceTree = SDKROOT; };
		278CBE152FE778660035AA84 /* SwiftUI.framework */ = {isa = PBXFileReference; lastKnownFileType = wrapper.framework; name = SwiftUI.framework; path = System/Library/Frameworks/SwiftUI.framework; sourceTree = SDKROOT; };
		278CBE332FE778EE0035AA84 /* StudyPulseWidget/StudyPulseWidgetExtension.entitlements */ = {isa = PBXFileReference; lastKnownFileType = text.plist.entitlements; path = StudyPulseWidget/StudyPulseWidgetExtension.entitlements; sourceTree = "<group>"; };
		278D45F02FE7BA260073EB87 /* StudyPulseWidget/StudyPulseWidgetExtension.entitlements */ = {isa = PBXFileReference; lastKnownFileType = text.plist.entitlements; path = StudyPulseWidget/StudyPulseWidgetExtension.entitlements; sourceTree = "<group>"; };
		278D45F12FE7BA3E0073EB87 /* AGENTS.md */ = {isa = PBXFileReference; lastKnownFileType = net.daringfireball.markdown; path = AGENTS.md; sourceTree = "<group>"; };
		278D45FB2FE7BA6A0073EB87 /* README.md */ = {isa = PBXFileReference; lastKnownFileType = net.daringfireball.markdown; path = README.md; sourceTree = "<group>"; };
		27B7B1CB3028A15400F02422 /* FAQ.json */ = {isa = PBXFileReference; lastKnownFileType = text.json; name = FAQ.json; path = docs/reference/FAQ.json; sourceTree = "<group>"; };
		27B7B1CD3028A18E00F02422 /* CONTRIBUTING.json */ = {isa = PBXFileReference; lastKnownFileType = text.json; name = CONTRIBUTING.json; path = docs/reference/CONTRIBUTING.json; sourceTree = "<group>"; };
		27B7B1CF3028A22D00F02422 /* CODE_WIKI.md */ = {isa = PBXFileReference; lastKnownFileType = net.daringfireball.markdown; name = CODE_WIKI.md; path = docs/architecture/CODE_WIKI.md; sourceTree = "<group>"; };
		27B7B1D23028A23E00F02422 /* CODE_WIKI_CN.md */ = {isa = PBXFileReference; lastKnownFileType = net.daringfireball.markdown; name = CODE_WIKI_CN.md; path = docs/architecture/CODE_WIKI_CN.md; sourceTree = "<group>"; };
		27B7B1D83028A29E00F02422 /* AlgorithmIntroduction.md */ = {isa = PBXFileReference; lastKnownFileType = net.daringfireball.markdown; name = AlgorithmIntroduction.md; path = docs/algorithms/AlgorithmIntroduction.md; sourceTree = "<group>"; };
		27B7B1DB3028A2ED00F02422 /* SPEC.md */ = {isa = PBXFileReference; lastKnownFileType = net.daringfireball.markdown; name = SPEC.md; path = docs/product/SPEC.md; sourceTree = "<group>"; };
		27B7B1DF3028A39A00F02422 /* DESIGN.md */ = {isa = PBXFileReference; lastKnownFileType = net.daringfireball.markdown; name = DESIGN.md; path = docs/product/DESIGN.md; sourceTree = "<group>"; };
		27BF505C2FE6D1F10038966E /* AGENTS.md */ = {isa = PBXFileReference; lastKnownFileType = net.daringfireball.markdown; path = AGENTS.md; sourceTree = "<group>"; };
		27BF50642FE6D2200038966E /* README.md */ = {isa = PBXFileReference; lastKnownFileType = net.daringfireball.markdown; path = README.md; sourceTree = "<group>"; };
		C0FFEE000000000000000002 /* StudyPulseTests.xctest */ = {isa = PBXFileReference; explicitFileType = wrapper.cfbundle; includeInIndex = 0; path = StudyPulseTests.xctest; sourceTree = BUILT_PRODUCTS_DIR; };
/* End PBXFileReference section */

/* Begin PBXFileSystemSynchronizedBuildFileExceptionSet section */
		278CBE272FE778660035AA84 /* Exceptions for "StudyPulseWidget" folder in "StudyPulseWidgetExtension" target */ = {
			isa = PBXFileSystemSynchronizedBuildFileExceptionSet;
			membershipExceptions = (
				Assets.xcassets,
				Info.plist,
			);
			target = 278CBE102FE778660035AA84 /* StudyPulseWidgetExtension */;
		};
		2790B7B72FF38536000A057B /* Exceptions for "StudyPulse" folder in "StudyPulse" target */ = {
			isa = PBXFileSystemSynchronizedBuildFileExceptionSet;
			membershipExceptions = (
				Info.plist,
			);
			target = 2743C83D2F6EAEA000CC1EED /* StudyPulse */;
		};
/* End PBXFileSystemSynchronizedBuildFileExceptionSet section */

/* Begin PBXFileSystemSynchronizedRootGroup section */
		2743C8402F6EAEA000CC1EED /* StudyPulse */ = {
			isa = PBXFileSystemSynchronizedRootGroup;
			exceptions = (
				2790B7B72FF38536000A057B /* Exceptions for "StudyPulse" folder in "StudyPulse" target */,
			);
			path = StudyPulse;
			sourceTree = "<group>";
		};
		278CBE172FE778660035AA84 /* StudyPulseWidget */ = {
			isa = PBXFileSystemSynchronizedRootGroup;
			exceptions = (
				278CBE272FE778660035AA84 /* Exceptions for "StudyPulseWidget" folder in "StudyPulseWidgetExtension" target */,
			);
			path = StudyPulseWidget;
			sourceTree = "<group>";
		};
		C0FFEE000000000000000003 /* StudyPulseTests */ = {
			isa = PBXFileSystemSynchronizedRootGroup;
			path = StudyPulseTests;
			sourceTree = "<group>";
		};
/* End PBXFileSystemSynchronizedRootGroup section */

/* Begin PBXFrameworksBuildPhase section */
		2743C83B2F6EAEA000CC1EED /* Frameworks */ = {
			isa = PBXFrameworksBuildPhase;
			buildActionMask = 2147483647;
			files = (
				27AB0003FE0000000000A003 /* SwiftStreamingMarkdown in Frameworks */,
				27BACC03FE0000000000B003 /* ZIPFoundation in Frameworks */,
			);
			runOnlyForDeploymentPostprocessing = 0;
		};
		278CBE0E2FE778660035AA84 /* Frameworks */ = {
			isa = PBXFrameworksBuildPhase;
			buildActionMask = 2147483647;
			files = (
				278CBE162FE778660035AA84 /* SwiftUI.framework in Frameworks */,
				278CBE142FE778660035AA84 /* WidgetKit.framework in Frameworks */,
			);
			runOnlyForDeploymentPostprocessing = 0;
		};
		C0FFEE000000000000000005 /* Frameworks */ = {
			isa = PBXFrameworksBuildPhase;
			buildActionMask = 2147483647;
			files = (
			);
			runOnlyForDeploymentPostprocessing = 0;
		};
/* End PBXFrameworksBuildPhase section */

/* Begin PBXGroup section */
		270900382FEFBF4F00FAB5CE /* Recovered References */ = {
			isa = PBXGroup;
			children = (
			);
			name = "Recovered References";
			sourceTree = "<group>";
		};
		2743C8352F6EAEA000CC1EED = {
			isa = PBXGroup;
			children = (
				278CBE332FE778EE0035AA84 /* StudyPulseWidget/StudyPulseWidgetExtension.entitlements */,
				2743C8402F6EAEA000CC1EED /* StudyPulse */,
				278CBE172FE778660035AA84 /* StudyPulseWidget */,
				C0FFEE000000000000000003 /* StudyPulseTests */,
				278CBE122FE778660035AA84 /* Frameworks */,
				278D45FB2FE7BA6A0073EB87 /* README.md */,
				278D45F12FE7BA3E0073EB87 /* AGENTS.md */,
				2743C83F2F6EAEA000CC1EED /* Products */,
				270900382FEFBF4F00FAB5CE /* Recovered References */,
				27B7B1CB3028A15400F02422 /* FAQ.json */,
				27B7B1CD3028A18E00F02422 /* CONTRIBUTING.json */,
				27B7B1CF3028A22D00F02422 /* CODE_WIKI.md */,
				27B7B1D23028A23E00F02422 /* CODE_WIKI_CN.md */,
				27B7B1D83028A29E00F02422 /* AlgorithmIntroduction.md */,
				27B7B1DB3028A2ED00F02422 /* SPEC.md */,
				27B7B1DF3028A39A00F02422 /* DESIGN.md */,
			);
			sourceTree = "<group>";
		};
		2743C83F2F6EAEA000CC1EED /* Products */ = {
			isa = PBXGroup;
			children = (
				2743C83E2F6EAEA000CC1EED /* StudyPulse.app */,
				278CBE112FE778660035AA84 /* StudyPulseWidgetExtension.appex */,
				C0FFEE000000000000000002 /* StudyPulseTests.xctest */,
				276CC94F2FE6CEE7009F126C /* README.md */,
				27BF50642FE6D2200038966E /* README.md */,
				27BF505C2FE6D1F10038966E /* AGENTS.md */,
			);
			name = Products;
			sourceTree = "<group>";
		};
		278CBE122FE778660035AA84 /* Frameworks */ = {
			isa = PBXGroup;
			children = (
				278D45F02FE7BA260073EB87 /* StudyPulseWidget/StudyPulseWidgetExtension.entitlements */,
				278CBE132FE778660035AA84 /* WidgetKit.framework */,
				278CBE152FE778660035AA84 /* SwiftUI.framework */,
			);
			name = Frameworks;
			sourceTree = "<group>";
		};
/* End PBXGroup section */

/* Begin PBXNativeTarget section */
		2743C83D2F6EAEA000CC1EED /* StudyPulse */ = {
			isa = PBXNativeTarget;
			buildConfigurationList = 2743C8492F6EAEA100CC1EED /* Build configuration list for PBXNativeTarget "StudyPulse" */;
			buildPhases = (
				2743C83A2F6EAEA000CC1EED /* Sources */,
				2743C83B2F6EAEA000CC1EED /* Frameworks */,
				2743C83C2F6EAEA000CC1EED /* Resources */,
				278CBE242FE778660035AA84 /* Embed Foundation Extensions */,
			);
			buildRules = (
			);
			dependencies = (
				278CBE222FE778660035AA84 /* PBXTargetDependency */,
			);
			fileSystemSynchronizedGroups = (
				2743C8402F6EAEA000CC1EED /* StudyPulse */,
			);
			name = StudyPulse;
			packageProductDependencies = (
				27BACC02FE0000000000B002 /* ZIPFoundation */,
			);
			productName = StudyPulse;
			productReference = 2743C83E2F6EAEA000CC1EED /* StudyPulse.app */;
			productType = "com.apple.product-type.application";
		};
		278CBE102FE778660035AA84 /* StudyPulseWidgetExtension */ = {
			isa = PBXNativeTarget;
			buildConfigurationList = 278CBE282FE778660035AA84 /* Build configuration list for PBXNativeTarget "StudyPulseWidgetExtension" */;
			buildPhases = (
				278CBE0D2FE778660035AA84 /* Sources */,
				278CBE0E2FE778660035AA84 /* Frameworks */,
				278CBE0F2FE778660035AA84 /* Resources */,
			);
			buildRules = (
			);
			dependencies = (
			);
			fileSystemSynchronizedGroups = (
				278CBE172FE778660035AA84 /* StudyPulseWidget */,
			);
			name = StudyPulseWidgetExtension;
			packageProductDependencies = (
			);
			productName = StudyPulseWidgetExtension;
			productReference = 278CBE112FE778660035AA84 /* StudyPulseWidgetExtension.appex */;
			productType = "com.apple.product-type.app-extension";
		};
		C0FFEE000000000000000001 /* StudyPulseTests */ = {
			isa = PBXNativeTarget;
			buildConfigurationList = C0FFEE00000000000000000B /* Build configuration list for PBXNativeTarget "StudyPulseTests" */;
			buildPhases = (
				C0FFEE000000000000000004 /* Sources */,
				C0FFEE000000000000000005 /* Frameworks */,
				C0FFEE000000000000000006 /* Resources */,
			);
			buildRules = (
			);
			dependencies = (
				C0FFEE000000000000000008 /* PBXTargetDependency */,
			);
			fileSystemSynchronizedGroups = (
				C0FFEE000000000000000003 /* StudyPulseTests */,
			);
			name = StudyPulseTests;
			packageProductDependencies = (
			);
			productName = StudyPulseTests;
			productReference = C0FFEE000000000000000002 /* StudyPulseTests.xctest */;
			productType = "com.apple.product-type.bundle.unit-test";
		};
/* End PBXNativeTarget section */

/* Begin PBXProject section */
		2743C8362F6EAEA000CC1EED /* Project object */ = {
			isa = PBXProject;
			attributes = {
				BuildIndependentTargetsInParallel = 1;
				LastSwiftUpdateCheck = 2650;
				LastUpgradeCheck = 2700;
				TargetAttributes = {
					2743C83D2F6EAEA000CC1EED = {
						CreatedOnToolsVersion = 26.3;
					};
					278CBE102FE778660035AA84 = {
						CreatedOnToolsVersion = 26.5;
					};
				};
			};
			buildConfigurationList = 2743C8392F6EAEA000CC1EED /* Build configuration list for PBXProject "StudyPulse" */;
			developmentRegion = en;
			hasScannedForEncodings = 0;
			knownRegions = (
				en,
				Base,
				"zh-Hans",
				"zh-Hant",
				ja,
				ko,
			);
			mainGroup = 2743C8352F6EAEA000CC1EED;
			minimizedProjectReferenceProxies = 1;
			packageReferences = (
				27AB0001FE0000000000A001 /* XCRemoteSwiftPackageReference "SwiftStreamingMarkdown" */,
				27BACC01FE0000000000B001 /* XCRemoteSwiftPackageReference "ZIPFoundation" */,
			);
			preferredProjectObjectVersion = 77;
			productRefGroup = 2743C83F2F6EAEA000CC1EED /* Products */;
			projectDirPath = "";
			projectRoot = "";
			targets = (
				2743C83D2F6EAEA000CC1EED /* StudyPulse */,
				278CBE102FE778660035AA84 /* StudyPulseWidgetExtension */,
				C0FFEE000000000000000001 /* StudyPulseTests */,
			);
		};
/* End PBXProject section */

/* Begin PBXResourcesBuildPhase section */
		2743C83C2F6EAEA000CC1EED /* Resources */ = {
			isa = PBXResourcesBuildPhase;
			buildActionMask = 2147483647;
			files = (
				27B7B1D33028A23E00F02422 /* CODE_WIKI_CN.md in Resources */,
				27B7B1CC3028A15400F02422 /* FAQ.json in Resources */,
				27BF50652FE6D2200038966E /* README.md in Resources */,
				27B7B1CE3028A18E00F02422 /* CONTRIBUTING.json in Resources */,
				27B7B1E13028A39A00F02422 /* DESIGN.md in Resources */,
				27B7B1D03028A22D00F02422 /* CODE_WIKI.md in Resources */,
				27B7B1D93028A29E00F02422 /* AlgorithmIntroduction.md in Resources */,
				27B7B1DC3028A2ED00F02422 /* SPEC.md in Resources */,
				27BF505D2FE6D1F10038966E /* AGENTS.md in Resources */,
			);
			runOnlyForDeploymentPostprocessing = 0;
		};
		278CBE0F2FE778660035AA84 /* Resources */ = {
			isa = PBXResourcesBuildPhase;
			buildActionMask = 2147483647;
			files = (
				278D45F22FE7BA3E0073EB87 /* AGENTS.md in Resources */,
			);
			runOnlyForDeploymentPostprocessing = 0;
		};
		C0FFEE000000000000000006 /* Resources */ = {
			isa = PBXResourcesBuildPhase;
			buildActionMask = 2147483647;
			files = (
			);
			runOnlyForDeploymentPostprocessing = 0;
		};
/* End PBXResourcesBuildPhase section */

/* Begin PBXSourcesBuildPhase section */
		2743C83A2F6EAEA000CC1EED /* Sources */ = {
			isa = PBXSourcesBuildPhase;
			buildActionMask = 2147483647;
			files = (
			);
			runOnlyForDeploymentPostprocessing = 0;
		};
		278CBE0D2FE778660035AA84 /* Sources */ = {
			isa = PBXSourcesBuildPhase;
			buildActionMask = 2147483647;
			files = (
			);
			runOnlyForDeploymentPostprocessing = 0;
		};
		C0FFEE000000000000000004 /* Sources */ = {
			isa = PBXSourcesBuildPhase;
			buildActionMask = 2147483647;
			files = (
			);
			runOnlyForDeploymentPostprocessing = 0;
		};
/* End PBXSourcesBuildPhase section */

/* Begin PBXTargetDependency section */
		278CBE222FE778660035AA84 /* PBXTargetDependency */ = {
			isa = PBXTargetDependency;
			target = 278CBE102FE778660035AA84 /* StudyPulseWidgetExtension */;
			targetProxy = 278CBE212FE778660035AA84 /* PBXContainerItemProxy */;
		};
		C0FFEE000000000000000008 /* PBXTargetDependency */ = {
			isa = PBXTargetDependency;
			target = 2743C83D2F6EAEA000CC1EED /* StudyPulse */;
			targetProxy = C0FFEE000000000000000007 /* PBXContainerItemProxy */;
		};
/* End PBXTargetDependency section */

/* Begin XCBuildConfiguration section */
		2743C8472F6EAEA100CC1EED /* Debug */ = {
			isa = XCBuildConfiguration;
			buildSettings = {
				ALWAYS_SEARCH_USER_PATHS = NO;
				ASSETCATALOG_COMPILER_GENERATE_SWIFT_ASSET_SYMBOL_EXTENSIONS = YES;
				CLANG_ANALYZER_LOCALIZABILITY_NONLOCALIZED = YES;
				CLANG_ANALYZER_NONNULL = YES;
				CLANG_ANALYZER_NUMBER_OBJECT_CONVERSION = YES_AGGRESSIVE;
				CLANG_CXX_LANGUAGE_STANDARD = "gnu++20";
				CLANG_ENABLE_MODULES = YES;
				CLANG_ENABLE_OBJC_ARC = YES;
				CLANG_ENABLE_OBJC_WEAK = YES;
				CLANG_WARN_BLOCK_CAPTURE_AUTORELEASING = YES;
				CLANG_WARN_BOOL_CONVERSION = YES;
				CLANG_WARN_COMMA = YES;
				CLANG_WARN_CONSTANT_CONVERSION = YES;
				CLANG_WARN_DEPRECATED_OBJC_IMPLEMENTATIONS = YES;
				CLANG_WARN_DIRECT_OBJC_ISA_USAGE = YES_ERROR;
				CLANG_WARN_DOCUMENTATION_COMMENTS = YES;
				CLANG_WARN_EMPTY_BODY = YES;
				CLANG_WARN_ENUM_CONVERSION = YES;
				CLANG_WARN_INFINITE_RECURSION = YES;
				CLANG_WARN_INT_CONVERSION = YES;
				CLANG_WARN_NON_LITERAL_NULL_CONVERSION = YES;
				CLANG_WARN_OBJC_IMPLICIT_RETAIN_SELF = YES;
				CLANG_WARN_OBJC_LITERAL_CONVERSION = YES;
				CLANG_WARN_OBJC_ROOT_CLASS = YES_ERROR;
				CLANG_WARN_QUOTED_INCLUDE_IN_FRAMEWORK_HEADER = YES;
				CLANG_WARN_RANGE_LOOP_ANALYSIS = YES;
				CLANG_WARN_STRICT_PROTOTYPES = YES;
				CLANG_WARN_SUSPICIOUS_MOVE = YES;
				CLANG_WARN_UNGUARDED_AVAILABILITY = YES_AGGRESSIVE;
				CLANG_WARN_UNREACHABLE_CODE = YES;
				CLANG_WARN__DUPLICATE_METHOD_MATCH = YES;
				COPY_PHASE_STRIP = NO;
				DEBUG_INFORMATION_FORMAT = dwarf;
				DEVELOPMENT_TEAM = D2G8858WRZ;
				ENABLE_STRICT_OBJC_MSGSEND = YES;
				ENABLE_TESTABILITY = YES;
				ENABLE_USER_SCRIPT_SANDBOXING = YES;
				GCC_C_LANGUAGE_STANDARD = gnu17;
				GCC_DYNAMIC_NO_PIC = NO;
				GCC_NO_COMMON_BLOCKS = YES;
				GCC_OPTIMIZATION_LEVEL = 0;
				GCC_PREPROCESSOR_DEFINITIONS = (
					"DEBUG=1",
					"$(inherited)",
				);
				GCC_WARN_64_TO_32_BIT_CONVERSION = YES;
				GCC_WARN_ABOUT_RETURN_TYPE = YES_ERROR;
				GCC_WARN_UNDECLARED_SELECTOR = YES;
				GCC_WARN_UNINITIALIZED_AUTOS = YES_AGGRESSIVE;
				GCC_WARN_UNUSED_FUNCTION = YES;
				GCC_WARN_UNUSED_VARIABLE = YES;
				IPHONEOS_DEPLOYMENT_TARGET = 26.0;
				LOCALIZATION_PREFERS_STRING_CATALOGS = YES;
				MTL_ENABLE_DEBUG_INFO = INCLUDE_SOURCE;
				MTL_FAST_MATH = YES;
				ONLY_ACTIVE_ARCH = YES;
				SDKROOT = iphoneos;
				STRING_CATALOG_GENERATE_SYMBOLS = NO;
				SWIFT_ACTIVE_COMPILATION_CONDITIONS = "DEBUG $(inherited)";
				SWIFT_COMPILATION_MODE = singlefile;
				SWIFT_OPTIMIZATION_LEVEL = "-Onone";
				SWIFT_VERSION = 6.0;
			};
			name = Debug;
		};
		2743C8482F6EAEA100CC1EED /* Release */ = {
			isa = XCBuildConfiguration;
			buildSettings = {
				ALWAYS_SEARCH_USER_PATHS = NO;
				ASSETCATALOG_COMPILER_GENERATE_SWIFT_ASSET_SYMBOL_EXTENSIONS = YES;
				CLANG_ANALYZER_LOCALIZABILITY_NONLOCALIZED = YES;
				CLANG_ANALYZER_NONNULL = YES;
				CLANG_ANALYZER_NUMBER_OBJECT_CONVERSION = YES_AGGRESSIVE;
				CLANG_CXX_LANGUAGE_STANDARD = "gnu++20";
				CLANG_ENABLE_MODULES = YES;
				CLANG_ENABLE_OBJC_ARC = YES;
				CLANG_ENABLE_OBJC_WEAK = YES;
				CLANG_WARN_BLOCK_CAPTURE_AUTORELEASING = YES;
				CLANG_WARN_BOOL_CONVERSION = YES;
				CLANG_WARN_COMMA = YES;
				CLANG_WARN_CONSTANT_CONVERSION = YES;
				CLANG_WARN_DEPRECATED_OBJC_IMPLEMENTATIONS = YES;
				CLANG_WARN_DIRECT_OBJC_ISA_USAGE = YES_ERROR;
				CLANG_WARN_DOCUMENTATION_COMMENTS = YES;
				CLANG_WARN_EMPTY_BODY = YES;
				CLANG_WARN_ENUM_CONVERSION = YES;
				CLANG_WARN_INFINITE_RECURSION = YES;
				CLANG_WARN_INT_CONVERSION = YES;
				CLANG_WARN_NON_LITERAL_NULL_CONVERSION = YES;
				CLANG_WARN_OBJC_IMPLICIT_RETAIN_SELF = YES;
				CLANG_WARN_OBJC_LITERAL_CONVERSION = YES;
				CLANG_WARN_OBJC_ROOT_CLASS = YES_ERROR;
				CLANG_WARN_QUOTED_INCLUDE_IN_FRAMEWORK_HEADER = YES;
				CLANG_WARN_RANGE_LOOP_ANALYSIS = YES;
				CLANG_WARN_STRICT_PROTOTYPES = YES;
				CLANG_WARN_SUSPICIOUS_MOVE = YES;
				CLANG_WARN_UNGUARDED_AVAILABILITY = YES_AGGRESSIVE;
				CLANG_WARN_UNREACHABLE_CODE = YES;
				CLANG_WARN__DUPLICATE_METHOD_MATCH = YES;
				COPY_PHASE_STRIP = NO;
				DEBUG_INFORMATION_FORMAT = "dwarf-with-dsym";
				DEVELOPMENT_TEAM = D2G8858WRZ;
				ENABLE_NS_ASSERTIONS = NO;
				ENABLE_STRICT_OBJC_MSGSEND = YES;
				ENABLE_USER_SCRIPT_SANDBOXING = YES;
				GCC_C_LANGUAGE_STANDARD = gnu17;
				GCC_NO_COMMON_BLOCKS = YES;
				GCC_WARN_64_TO_32_BIT_CONVERSION = YES;
				GCC_WARN_ABOUT_RETURN_TYPE = YES_ERROR;
				GCC_WARN_UNDECLARED_SELECTOR = YES;
				GCC_WARN_UNINITIALIZED_AUTOS = YES_AGGRESSIVE;
				GCC_WARN_UNUSED_FUNCTION = YES;
				GCC_WARN_UNUSED_VARIABLE = YES;
				IPHONEOS_DEPLOYMENT_TARGET = 26.0;
				LOCALIZATION_PREFERS_STRING_CATALOGS = YES;
				MTL_ENABLE_DEBUG_INFO = NO;
				MTL_FAST_MATH = YES;
				SDKROOT = iphoneos;
				STRING_CATALOG_GENERATE_SYMBOLS = NO;
				SWIFT_COMPILATION_MODE = wholemodule;
				SWIFT_VERSION = 6.0;
				VALIDATE_PRODUCT = YES;
			};
			name = Release;
		};
		2743C84A2F6EAEA100CC1EED /* Debug */ = {
			isa = XCBuildConfiguration;
			buildSettings = {
				ASSETCATALOG_COMPILER_APPICON_NAME = StudyPulseIcon;
				"ASSETCATALOG_COMPILER_APPICON_NAME[sdk=iphoneos*]" = StudyPulseIcon;
				ASSETCATALOG_COMPILER_GLOBAL_ACCENT_COLOR_NAME = AccentColor;
				ASSETCATALOG_COMPILER_INCLUDE_ALL_APPICON_ASSETS = NO;
				CODE_SIGN_ENTITLEMENTS = StudyPulse/StudyPulse.entitlements;
				CODE_SIGN_IDENTITY = "Apple Development";
				CODE_SIGN_STYLE = Automatic;
				CURRENT_PROJECT_VERSION = 1;
				DEVELOPMENT_TEAM = D2G8858WRZ;
				ENABLE_PREVIEWS = YES;
				GENERATE_INFOPLIST_FILE = YES;
				INFOPLIST_FILE = StudyPulse/Info.plist;
				INFOPLIST_KEY_LSApplicationCategoryType = "";
				INFOPLIST_KEY_LSSupportsOpeningDocumentsInPlace = YES;
				INFOPLIST_KEY_NSCalendarsUsageDescription = "StudyPulse 需要将考试添加到您的日历中";
				INFOPLIST_KEY_NSCameraUsageDescription = "StudyPulse 需要使用相机拍摄错题照片";
				INFOPLIST_KEY_NSHealthShareUsageDescription = "StudyPulse reads Heart Rate Variability (HRV), heart rate, respiratory rate and sleep from Apple Health to tailor study suggestions. Your data stays on device and is never uploaded or shared.";
				INFOPLIST_KEY_NSHealthUpdateUsageDescription = "StudyPulse does not write any data to Apple Health.";
				INFOPLIST_KEY_NSPhotoLibraryUsageDescription = "StudyPulse 需要访问相册以选择错题照片";
				INFOPLIST_KEY_NSRemindersFullAccessUsageDescription = "Add homework / reading tasks to the system Reminders app";
				INFOPLIST_KEY_NSRemindersUsageDescription = "Add homework / reading tasks to the system Reminders app";
				INFOPLIST_KEY_NSSiriUsageDescription = "StudyPulse uses Siri to let you log scores, check exams, and get study suggestions using your voice.";
				INFOPLIST_KEY_NSSupportsLiveActivities = YES;
				INFOPLIST_KEY_UIApplicationSceneManifest_Generation = YES;
				INFOPLIST_KEY_UIApplicationSupportsIndirectInputEvents = YES;
				INFOPLIST_KEY_UILaunchScreen_Generation = YES;
				INFOPLIST_KEY_UISupportedInterfaceOrientations_iPad = "UIInterfaceOrientationPortrait UIInterfaceOrientationPortraitUpsideDown UIInterfaceOrientationLandscapeLeft UIInterfaceOrientationLandscapeRight";
				INFOPLIST_KEY_UISupportedInterfaceOrientations_iPhone = "UIInterfaceOrientationPortrait UIInterfaceOrientationLandscapeLeft UIInterfaceOrientationLandscapeRight";
				IPHONEOS_DEPLOYMENT_TARGET = 26.0;
				LD_RUNPATH_SEARCH_PATHS = (
					"$(inherited)",
					"@executable_path/Frameworks",
				);
				MARKETING_VERSION = 1.142.0;
				PRODUCT_BUNDLE_IDENTIFIER = chenkai.space.studypulse;
				PRODUCT_NAME = "$(TARGET_NAME)";
				PROVISIONING_PROFILE_SPECIFIER = "";
				STRING_CATALOG_GENERATE_SYMBOLS = NO;
				SUPPORTED_PLATFORMS = "iphoneos iphonesimulator";
				SUPPORTS_MACCATALYST = NO;
				SUPPORTS_XR_DESIGNED_FOR_IPHONE_IPAD = NO;
				SWIFT_APPROACHABLE_CONCURRENCY = YES;
				SWIFT_DEFAULT_ACTOR_ISOLATION = MainActor;
				SWIFT_EMIT_LOC_STRINGS = YES;
				SWIFT_UPCOMING_FEATURE_MEMBER_IMPORT_VISIBILITY = YES;
				SWIFT_VERSION = 6.0;
				TARGETED_DEVICE_FAMILY = "1,2";
			};
			name = Debug;
		};
		2743C84B2F6EAEA100CC1EED /* Release */ = {
			isa = XCBuildConfiguration;
			buildSettings = {
				ASSETCATALOG_COMPILER_APPICON_NAME = StudyPulseIcon;
				"ASSETCATALOG_COMPILER_APPICON_NAME[sdk=iphoneos*]" = StudyPulseIcon;
				ASSETCATALOG_COMPILER_GLOBAL_ACCENT_COLOR_NAME = AccentColor;
				ASSETCATALOG_COMPILER_INCLUDE_ALL_APPICON_ASSETS = NO;
				CODE_SIGN_ENTITLEMENTS = StudyPulse/StudyPulse.entitlements;
				CODE_SIGN_IDENTITY = "Apple Development";
				CODE_SIGN_STYLE = Automatic;
				CURRENT_PROJECT_VERSION = 1;
				DEVELOPMENT_TEAM = D2G8858WRZ;
				ENABLE_PREVIEWS = YES;
				GENERATE_INFOPLIST_FILE = YES;
				INFOPLIST_FILE = StudyPulse/Info.plist;
				INFOPLIST_KEY_LSApplicationCategoryType = "";
				INFOPLIST_KEY_LSSupportsOpeningDocumentsInPlace = YES;
				INFOPLIST_KEY_NSCalendarsUsageDescription = "StudyPulse 需要将考试添加到您的日历中";
				INFOPLIST_KEY_NSCameraUsageDescription = "StudyPulse 需要使用相机拍摄错题照片";
				INFOPLIST_KEY_NSHealthShareUsageDescription = "StudyPulse reads Heart Rate Variability (HRV), heart rate, respiratory rate and sleep from Apple Health to tailor study suggestions. Your data stays on device and is never uploaded or shared.";
				INFOPLIST_KEY_NSHealthUpdateUsageDescription = "StudyPulse does not write any data to Apple Health.";
				INFOPLIST_KEY_NSPhotoLibraryUsageDescription = "StudyPulse 需要访问相册以选择错题照片";
				INFOPLIST_KEY_NSRemindersFullAccessUsageDescription = "Add homework / reading tasks to the system Reminders app";
				INFOPLIST_KEY_NSRemindersUsageDescription = "Add homework / reading tasks to the system Reminders app";
				INFOPLIST_KEY_NSSiriUsageDescription = "StudyPulse uses Siri to let you log scores, check exams, and get study suggestions using your voice.";
				INFOPLIST_KEY_NSSupportsLiveActivities = YES;
				INFOPLIST_KEY_UIApplicationSceneManifest_Generation = YES;
				INFOPLIST_KEY_UIApplicationSupportsIndirectInputEvents = YES;
				INFOPLIST_KEY_UILaunchScreen_Generation = YES;
				INFOPLIST_KEY_UISupportedInterfaceOrientations_iPad = "UIInterfaceOrientationPortrait UIInterfaceOrientationPortraitUpsideDown UIInterfaceOrientationLandscapeLeft UIInterfaceOrientationLandscapeRight";
				INFOPLIST_KEY_UISupportedInterfaceOrientations_iPhone = "UIInterfaceOrientationPortrait UIInterfaceOrientationLandscapeLeft UIInterfaceOrientationLandscapeRight";
				IPHONEOS_DEPLOYMENT_TARGET = 26.0;
				LD_RUNPATH_SEARCH_PATHS = (
					"$(inherited)",
					"@executable_path/Frameworks",
				);
				MARKETING_VERSION = 1.142.0;
				PRODUCT_BUNDLE_IDENTIFIER = chenkai.space.studypulse;
				PRODUCT_NAME = "$(TARGET_NAME)";
				PROVISIONING_PROFILE_SPECIFIER = "";
				STRING_CATALOG_GENERATE_SYMBOLS = NO;
				SUPPORTED_PLATFORMS = "iphoneos iphonesimulator";
				SUPPORTS_MACCATALYST = NO;
				SUPPORTS_XR_DESIGNED_FOR_IPHONE_IPAD = NO;
				SWIFT_APPROACHABLE_CONCURRENCY = YES;
				SWIFT_DEFAULT_ACTOR_ISOLATION = MainActor;
				SWIFT_EMIT_LOC_STRINGS = YES;
				SWIFT_UPCOMING_FEATURE_MEMBER_IMPORT_VISIBILITY = YES;
				SWIFT_VERSION = 6.0;
				TARGETED_DEVICE_FAMILY = "1,2";
			};
			name = Release;
		};
		278CBE252FE778660035AA84 /* Debug */ = {
			isa = XCBuildConfiguration;
			buildSettings = {
				ASSETCATALOG_COMPILER_GLOBAL_ACCENT_COLOR_NAME = AccentColor;
				ASSETCATALOG_COMPILER_WIDGET_BACKGROUND_COLOR_NAME = WidgetBackground;
				CODE_SIGN_ENTITLEMENTS = StudyPulseWidget/StudyPulseWidgetExtension.entitlements;
				CODE_SIGN_IDENTITY = "Apple Development";
				CODE_SIGN_STYLE = Automatic;
				CURRENT_PROJECT_VERSION = 1;
				DEVELOPMENT_TEAM = D2G8858WRZ;
				GENERATE_INFOPLIST_FILE = YES;
				INFOPLIST_FILE = StudyPulseWidget/Info.plist;
				INFOPLIST_KEY_CFBundleDisplayName = StudyPulseWidget;
				INFOPLIST_KEY_NSHumanReadableCopyright = "";
				IPHONEOS_DEPLOYMENT_TARGET = 26.0;
				LD_RUNPATH_SEARCH_PATHS = (
					"$(inherited)",
					"@executable_path/Frameworks",
					"@executable_path/../../Frameworks",
				);
				MARKETING_VERSION = 1.142.0;
				PRODUCT_BUNDLE_IDENTIFIER = chenkai.space.studypulse.widget;
				PRODUCT_NAME = "$(TARGET_NAME)";
				PROVISIONING_PROFILE_SPECIFIER = "";
				SKIP_INSTALL = YES;
				STRING_CATALOG_GENERATE_SYMBOLS = NO;
				SWIFT_APPROACHABLE_CONCURRENCY = YES;
				SWIFT_EMIT_LOC_STRINGS = YES;
				SWIFT_UPCOMING_FEATURE_MEMBER_IMPORT_VISIBILITY = YES;
				SWIFT_VERSION = 6.0;
				TARGETED_DEVICE_FAMILY = "1,2";
			};
			name = Debug;
		};
		278CBE262FE778660035AA84 /* Release */ = {
			isa = XCBuildConfiguration;
			buildSettings = {
				ASSETCATALOG_COMPILER_GLOBAL_ACCENT_COLOR_NAME = AccentColor;
				ASSETCATALOG_COMPILER_WIDGET_BACKGROUND_COLOR_NAME = WidgetBackground;
				CODE_SIGN_ENTITLEMENTS = StudyPulseWidget/StudyPulseWidgetExtension.entitlements;
				CODE_SIGN_IDENTITY = "Apple Development";
				CODE_SIGN_STYLE = Automatic;
				CURRENT_PROJECT_VERSION = 1;
				DEVELOPMENT_TEAM = D2G8858WRZ;
				GENERATE_INFOPLIST_FILE = YES;
				INFOPLIST_FILE = StudyPulseWidget/Info.plist;
				INFOPLIST_KEY_CFBundleDisplayName = StudyPulseWidget;
				INFOPLIST_KEY_NSHumanReadableCopyright = "";
				IPHONEOS_DEPLOYMENT_TARGET = 26.0;
				LD_RUNPATH_SEARCH_PATHS = (
					"$(inherited)",
					"@executable_path/Frameworks",
					"@executable_path/../../Frameworks",
				);
				MARKETING_VERSION = 1.142.0;
				PRODUCT_BUNDLE_IDENTIFIER = chenkai.space.studypulse.widget;
				PRODUCT_NAME = "$(TARGET_NAME)";
				PROVISIONING_PROFILE_SPECIFIER = "";
				SKIP_INSTALL = YES;
				STRING_CATALOG_GENERATE_SYMBOLS = NO;
				SWIFT_APPROACHABLE_CONCURRENCY = YES;
				SWIFT_EMIT_LOC_STRINGS = YES;
				SWIFT_UPCOMING_FEATURE_MEMBER_IMPORT_VISIBILITY = YES;
				SWIFT_VERSION = 6.0;
				TARGETED_DEVICE_FAMILY = "1,2";
			};
			name = Release;
		};
		C0FFEE000000000000000009 /* Debug */ = {
			isa = XCBuildConfiguration;
			buildSettings = {
				BUNDLE_LOADER = "$(TEST_HOST)";
				CLANG_ENABLE_MODULES = YES;
				CODE_SIGN_STYLE = Automatic;
				CURRENT_PROJECT_VERSION = 1;
				ENABLE_TESTABILITY = YES;
				GENERATE_INFOPLIST_FILE = YES;
				IPHONEOS_DEPLOYMENT_TARGET = 26.0;
				MARKETING_VERSION = 1.142.0;
				PRODUCT_BUNDLE_IDENTIFIER = Gao.Chenkai.StudyPulseTests;
				PRODUCT_NAME = "$(TARGET_NAME)";
				SWIFT_EMIT_LOC_STRINGS = NO;
				SWIFT_VERSION = 6.0;
				TARGETED_DEVICE_FAMILY = "1,2";
				TEST_HOST = "$(BUILT_PRODUCTS_DIR)/StudyPulse.app/$(BUNDLE_EXECUTABLE_FOLDER_PATH)/StudyPulse";
			};
			name = Debug;
		};
		C0FFEE00000000000000000A /* Release */ = {
			isa = XCBuildConfiguration;
			buildSettings = {
				BUNDLE_LOADER = "$(TEST_HOST)";
				CLANG_ENABLE_MODULES = YES;
				CODE_SIGN_STYLE = Automatic;
				CURRENT_PROJECT_VERSION = 1;
				ENABLE_TESTABILITY = YES;
				GENERATE_INFOPLIST_FILE = YES;
				IPHONEOS_DEPLOYMENT_TARGET = 26.0;
				MARKETING_VERSION = 1.142.0;
				PRODUCT_BUNDLE_IDENTIFIER = Gao.Chenkai.StudyPulseTests;
				PRODUCT_NAME = "$(TARGET_NAME)";
				SWIFT_EMIT_LOC_STRINGS = NO;
				SWIFT_VERSION = 6.0;
				TARGETED_DEVICE_FAMILY = "1,2";
				TEST_HOST = "$(BUILT_PRODUCTS_DIR)/StudyPulse.app/$(BUNDLE_EXECUTABLE_FOLDER_PATH)/StudyPulse";
			};
			name = Release;
		};
/* End XCBuildConfiguration section */

/* Begin XCConfigurationList section */
		2743C8392F6EAEA000CC1EED /* Build configuration list for PBXProject "StudyPulse" */ = {
			isa = XCConfigurationList;
			buildConfigurations = (
				2743C8472F6EAEA100CC1EED /* Debug */,
				2743C8482F6EAEA100CC1EED /* Release */,
			);
			defaultConfigurationIsVisible = 0;
			defaultConfigurationName = Release;
		};
		2743C8492F6EAEA100CC1EED /* Build configuration list for PBXNativeTarget "StudyPulse" */ = {
			isa = XCConfigurationList;
			buildConfigurations = (
				2743C84A2F6EAEA100CC1EED /* Debug */,
				2743C84B2F6EAEA100CC1EED /* Release */,
			);
			defaultConfigurationIsVisible = 0;
			defaultConfigurationName = Release;
		};
		278CBE282FE778660035AA84 /* Build configuration list for PBXNativeTarget "StudyPulseWidgetExtension" */ = {
			isa = XCConfigurationList;
			buildConfigurations = (
				278CBE252FE778660035AA84 /* Debug */,
				278CBE262FE778660035AA84 /* Release */,
			);
			defaultConfigurationIsVisible = 0;
			defaultConfigurationName = Release;
		};
		C0FFEE00000000000000000B /* Build configuration list for PBXNativeTarget "StudyPulseTests" */ = {
			isa = XCConfigurationList;
			buildConfigurations = (
				C0FFEE000000000000000009 /* Debug */,
				C0FFEE00000000000000000A /* Release */,
			);
			defaultConfigurationIsVisible = 0;
			defaultConfigurationName = Release;
		};
/* End XCConfigurationList section */

/* Begin XCRemoteSwiftPackageReference section */
		27AB0001FE0000000000A001 /* XCRemoteSwiftPackageReference "SwiftStreamingMarkdown" */ = {
			isa = XCRemoteSwiftPackageReference;
			repositoryURL = "https://github.com/microsoft/SwiftStreamingMarkdown.git";
			requirement = {
				kind = revision;
				revision = 81d9343cc5f3efdf86e29b6c052bfbd7986e526c;
			};
		};
		27BACC01FE0000000000B001 /* XCRemoteSwiftPackageReference "ZIPFoundation" */ = {
			isa = XCRemoteSwiftPackageReference;
			repositoryURL = "https://github.com/weichsel/ZIPFoundation.git";
			requirement = {
				kind = exactVersion;
				version = 0.9.20;
			};
		};
/* End XCRemoteSwiftPackageReference section */

/* Begin XCSwiftPackageProductDependency section */
		27AB0002FE0000000000A002 /* SwiftStreamingMarkdown */ = {
			isa = XCSwiftPackageProductDependency;
			package = 27AB0001FE0000000000A001 /* XCRemoteSwiftPackageReference "SwiftStreamingMarkdown" */;
			productName = SwiftStreamingMarkdown;
		};
		27BACC02FE0000000000B002 /* ZIPFoundation */ = {
			isa = XCSwiftPackageProductDependency;
			package = 27BACC01FE0000000000B001 /* XCRemoteSwiftPackageReference "ZIPFoundation" */;
			productName = ZIPFoundation;
		};
/* End XCSwiftPackageProductDependency section */
	};
	rootObject = 2743C8362F6EAEA000CC1EED /* Project object */;
}
